
Microsoft Visual Studio Solution File, Format Version 12.00
# Visual Studio Version 17
VisualStudioVersion = 17.8.34330.188
MinimumVisualStudioVersion = 10.0.40219.1
Project("{FAE04EC0-301F-11D3-BF4B-00C04F79EFBC}") = "Data strcture in c#", "Data strcture in c#\Data strcture in c#.csproj", "{002679CE-980C-42D7-8E06-F7674E760129}"
EndProject
Global
	GlobalSection(SolutionConfigurationPlatforms) = preSolution
		Debug|Any CPU = Debug|Any CPU
		Release|Any CPU = Release|Any CPU
	EndGlobalSection
	GlobalSection(ProjectConfigurationPlatforms) = postSolution
		{002679CE-980C-42D7-8E06-F7674E760129}.Debug|Any CPU.ActiveCfg = Debug|Any CPU
		{002679CE-980C-42D7-8E06-F7674E760129}.Debug|Any CPU.Build.0 = Debug|Any CPU
		{002679CE-980C-42D7-8E06-F7674E760129}.Release|Any CPU.ActiveCfg = Release|Any CPU
		{002679CE-980C-42D7-8E06-F7674E760129}.Release|Any CPU.Build.0 = Release|Any CPU
	EndGlobalSection
	GlobalSection(SolutionProperties) = preSolution
		HideSolutionNode = FALSE
	EndGlobalSection
	GlobalSection(ExtensibilityGlobals) = postSolution
		SolutionGuid = {2E83ECDA-42A4-45D8-8297-0669AAD36B33}
	EndGlobalSection
EndGlobal
